
Microsoft Visual Studio Solution File, Format Version 12.00
# Visual Studio Version 17
VisualStudioVersion = 17.3.32825.248
MinimumVisualStudioVersion = 10.0.40219.1
Project("{FAE04EC0-301F-11D3-BF4B-00C04F79EFBC}") = "Калькулятор.Практическая Работа", "Калькулятор.Практическая Работа\Калькулятор.Практическая Работа.csproj", "{8BEE88F4-EC06-4B87-8871-FFF1235EF1D9}"
EndProject
Global
	GlobalSection(SolutionConfigurationPlatforms) = preSolution
		Debug|Any CPU = Debug|Any CPU
		Release|Any CPU = Release|Any CPU
	EndGlobalSection
	GlobalSection(ProjectConfigurationPlatforms) = postSolution
		{8BEE88F4-EC06-4B87-8871-FFF1235EF1D9}.Debug|Any CPU.ActiveCfg = Debug|Any CPU
		{8BEE88F4-EC06-4B87-8871-FFF1235EF1D9}.Debug|Any CPU.Build.0 = Debug|Any CPU
		{8BEE88F4-EC06-4B87-8871-FFF1235EF1D9}.Release|Any CPU.ActiveCfg = Release|Any CPU
		{8BEE88F4-EC06-4B87-8871-FFF1235EF1D9}.Release|Any CPU.Build.0 = Release|Any CPU
	EndGlobalSection
	GlobalSection(SolutionProperties) = preSolution
		HideSolutionNode = FALSE
	EndGlobalSection
	GlobalSection(ExtensibilityGlobals) = postSolution
		SolutionGuid = {6A706CDC-27ED-4B9D-B1DA-E47062C0745C}
	EndGlobalSection
EndGlobal
